PODS:
  - Kingfisher (4.10.1)

DEPENDENCIES:
  - Kingfisher

SPEC REPOS:
  https://mirrors.tuna.tsinghua.edu.cn/git/CocoaPods/Specs.git:
    - Kingfisher

SPEC CHECKSUMS:
  Kingfisher: c148cd7b47ebde9989f6bc7c27dcaa79d81279a0

PODFILE CHECKSUM: a8b52795389924c3c40a06ccf08329e48cc216bd

COCOAPODS: 1.9.1
