// !$*UTF8*$!
{
	archiveVersion = 1;
	classes = {
	};
	objectVersion = 50;
	objects = {

/* Begin PBXBuildFile section */
		353D138E242B012D00D783C8 /* AppDelegate.swift in Sources */ = {isa = PBXBuildFile; fileRef = 353D138D242B012D00D783C8 /* AppDelegate.swift */; };
		353D1390242B012D00D783C8 /* SceneDelegate.swift in Sources */ = {isa = PBXBuildFile; fileRef = 353D138F242B012D00D783C8 /* SceneDelegate.swift */; };
		353D1392242B012D00D783C8 /* ViewController.swift in Sources */ = {isa = PBXBuildFile; fileRef = 353D1391242B012D00D783C8 /* ViewController.swift */; };
		353D1395242B012D00D783C8 /* Main.storyboard in Resources */ = {isa = PBXBuildFile; fileRef = 353D1393242B012D00D783C8 /* Main.storyboard */; };
		353D1397242B012F00D783C8 /* Assets.xcassets in Resources */ = {isa = PBXBuildFile; fileRef = 353D1396242B012F00D783C8 /* Assets.xcassets */; };
		353D139A242B012F00D783C8 /* LaunchScreen.storyboard in Resources */ = {isa = PBXBuildFile; fileRef = 353D1398242B012F00D783C8 /* LaunchScreen.storyboard */; };
		353D13A5242B012F00D783C8 /* Foster_companionTests.swift in Sources */ = {isa = PBXBuildFile; fileRef = 353D13A4242B012F00D783C8 /* Foster_companionTests.swift */; };
		353D13B0242B012F00D783C8 /* Foster_companionUITests.swift in Sources */ = {isa = PBXBuildFile; fileRef = 353D13AF242B012F00D783C8 /* Foster_companionUITests.swift */; };
/* End PBXBuildFile section */

/* Begin PBXContainerItemProxy section */
		353D13A1242B012F00D783C8 /* PBXContainerItemProxy */ = {
			isa = PBXContainerItemProxy;
			containerPortal = 353D1382242B012D00D783C8 /* Project object */;
			proxyType = 1;
			remoteGlobalIDString = 353D1389242B012D00D783C8;
			remoteInfo = "Foster-companion";
		};
		353D13AC242B012F00D783C8 /* PBXContainerItemProxy */ = {
			isa = PBXContainerItemProxy;
			containerPortal = 353D1382242B012D00D783C8 /* Project object */;
			proxyType = 1;
			remoteGlobalIDString = 353D1389242B012D00D783C8;
			remoteInfo = "Foster-companion";
		};
/* End PBXContainerItemProxy section */

/* Begin PBXFileReference section */
		353D138A242B012D00D783C8 /* Foster-companion.app */ = {isa = PBXFileReference; explicitFileType = wrapper.application; includeInIndex = 0; path = "Foster-companion.app"; sourceTree = BUILT_PRODUCTS_DIR; };
		353D138D242B012D00D783C8 /* AppDelegate.swift */ = {isa = PBXFileReference; lastKnownFileType = sourcecode.swift; path = AppDelegate.swift; sourceTree = "<group>"; };
		353D138F242B012D00D783C8 /* SceneDelegate.swift */ = {isa = PBXFileReference; lastKnownFileType = sourcecode.swift; path = SceneDelegate.swift; sourceTree = "<group>"; };
		353D1391242B012D00D783C8 /* ViewController.swift */ = {isa = PBXFileReference; lastKnownFileType = sourcecode.swift; path = ViewController.swift; sourceTree = "<group>"; };
		353D1394242B012D00D783C8 /* Base */ = {isa = PBXFileReference; lastKnownFileType = file.storyboard; name = Base; path = Base.lproj/Main.storyboard; sourceTree = "<group>"; };
		353D1396242B012F00D783C8 /* Assets.xcassets */ = {isa = PBXFileReference; lastKnownFileType = folder.assetcatalog; path = Assets.xcassets; sourceTree = "<group>"; };
		353D1399242B012F00D783C8 /* Base */ = {isa = PBXFileReference; lastKnownFileType = file.storyboard; name = Base; path = Base.lproj/LaunchScreen.storyboard; sourceTree = "<group>"; };
		353D139B242B012F00D783C8 /* Info.plist */ = {isa = PBXFileReference; lastKnownFileType = text.plist.xml; path = Info.plist; sourceTree = "<group>"; };
		353D13A0242B012F00D783C8 /* Foster-companionTests.xctest */ = {isa = PBXFileReference; explicitFileType = wrapper.cfbundle; includeInIndex = 0; path = "Foster-companionTests.xctest"; sourceTree = BUILT_PRODUCTS_DIR; };
		353D13A4242B012F00D783C8 /* Foster_companionTests.swift */ = {isa = PBXFileReference; lastKnownFileType = sourcecode.swift; path = Foster_companionTests.swift; sourceTree = "<group>"; };
		353D13A6242B012F00D783C8 /* Info.plist */ = {isa = PBXFileReference; lastKnownFileType = text.plist.xml; path = Info.plist; sourceTree = "<group>"; };
		353D13AB242B012F00D783C8 /* Foster-companionUITests.xctest */ = {isa = PBXFileReference; explicitFileType = wrapper.cfbundle; includeInIndex = 0; path = "Foster-companionUITests.xctest"; sourceTree = BUILT_PRODUCTS_DIR; };
		353D13AF242B012F00D783C8 /* Foster_companionUITests.swift */ = {isa = PBXFileReference; lastKnownFileType = sourcecode.swift; path = Foster_companionUITests.swift; sourceTree = "<group>"; };
		353D13B1242B012F00D783C8 /* Info.plist */ = {isa = PBXFileReference; lastKnownFileType = text.plist.xml; path = Info.plist; sourceTree = "<group>"; };
/* End PBXFileReference section */

/* Begin PBXFrameworksBuildPhase section */
		353D1387242B012D00D783C8 /* Frameworks */ = {
			isa = PBXFrameworksBuildPhase;
			buildActionMask = 2147483647;
			files = (
			);
			runOnlyForDeploymentPostprocessing = 0;
		};
		353D139D242B012F00D783C8 /* Frameworks */ = {
			isa = PBXFrameworksBuildPhase;
			buildActionMask = 2147483647;
			files = (
			);
			runOnlyForDeploymentPostprocessing = 0;
		};
		353D13A8242B012F00D783C8 /* Frameworks */ = {
			isa = PBXFrameworksBuildPhase;
			buildActionMask = 2147483647;
			files = (
			);
			runOnlyForDeploymentPostprocessing = 0;
		};
/* End PBXFrameworksBuildPhase section */

/* Begin PBXGroup section */
		353D1381242B012D00D783C8 = {
			isa = PBXGroup;
			children = (
				353D138C242B012D00D783C8 /* Foster-companion */,
				353D13A3242B012F00D783C8 /* Foster-companionTests */,
				353D13AE242B012F00D783C8 /* Foster-companionUITests */,
				353D138B242B012D00D783C8 /* Products */,
			);
			sourceTree = "<group>";
		};
		353D138B242B012D00D783C8 /* Products */ = {
			isa = PBXGroup;
			children = (
				353D138A242B012D00D783C8 /* Foster-companion.app */,
				353D13A0242B012F00D783C8 /* Foster-companionTests.xctest */,
				353D13AB242B012F00D783C8 /* Foster-companionUITests.xctest */,
			);
			name = Products;
			sourceTree = "<group>";
		};
		353D138C242B012D00D783C8 /* Foster-companion */ = {
			isa = PBXGroup;
			children = (
				353D138D242B012D00D783C8 /* AppDelegate.swift */,
				353D138F242B012D00D783C8 /* SceneDelegate.swift */,
				353D1391242B012D00D783C8 /* ViewController.swift */,
				353D1393242B012D00D783C8 /* Main.storyboard */,
				353D1396242B012F00D783C8 /* Assets.xcassets */,
				353D1398242B012F00D783C8 /* LaunchScreen.storyboard */,
				353D139B242B012F00D783C8 /* Info.plist */,
			);
			path = "Foster-companion";
			sourceTree = "<group>";
		};
		353D13A3242B012F00D783C8 /* Foster-companionTests */ = {
			isa = PBXGroup;
			children = (
				353D13A4242B012F00D783C8 /* Foster_companionTests.swift */,
				353D13A6242B012F00D783C8 /* Info.plist */,
			);
			path = "Foster-companionTests";
			sourceTree = "<group>";
		};
		353D13AE242B012F00D783C8 /* Foster-companionUITests */ = {
			isa = PBXGroup;
			children = (
				353D13AF242B012F00D783C8 /* Foster_companionUITests.swift */,
				353D13B1242B012F00D783C8 /* Info.plist */,
			);
			path = "Foster-companionUITests";
			sourceTree = "<group>";
		};
/* End PBXGroup section */

/* Begin PBXNativeTarget section */
		353D1389242B012D00D783C8 /* Foster-companion */ = {
			isa = PBXNativeTarget;
			buildConfigurationList = 353D13B4242B012F00D783C8 /* Build configuration list for PBXNativeTarget "Foster-companion" */;
			buildPhases = (
				353D1386242B012D00D783C8 /* Sources */,
				353D1387242B012D00D783C8 /* Frameworks */,
				353D1388242B012D00D783C8 /* Resources */,
			);
			buildRules = (
			);
			dependencies = (
			);
			name = "Foster-companion";
			productName = "Foster-companion";
			productReference = 353D138A242B012D00D783C8 /* Foster-companion.app */;
			productType = "com.apple.product-type.application";
		};
		353D139F242B012F00D783C8 /* Foster-companionTests */ = {
			isa = PBXNativeTarget;
			buildConfigurationList = 353D13B7242B012F00D783C8 /* Build configuration list for PBXNativeTarget "Foster-companionTests" */;
			buildPhases = (
				353D139C242B012F00D783C8 /* Sources */,
				353D139D242B012F00D783C8 /* Frameworks */,
				353D139E242B012F00D783C8 /* Resources */,
			);
			buildRules = (
			);
			dependencies = (
				353D13A2242B012F00D783C8 /* PBXTargetDependency */,
			);
			name = "Foster-companionTests";
			productName = "Foster-companionTests";
			productReference = 353D13A0242B012F00D783C8 /* Foster-companionTests.xctest */;
			productType = "com.apple.product-type.bundle.unit-test";
		};
		353D13AA242B012F00D783C8 /* Foster-companionUITests */ = {
			isa = PBXNativeTarget;
			buildConfigurationList = 353D13BA242B012F00D783C8 /* Build configuration list for PBXNativeTarget "Foster-companionUITests" */;
			buildPhases = (
				353D13A7242B012F00D783C8 /* Sources */,
				353D13A8242B012F00D783C8 /* Frameworks */,
				353D13A9242B012F00D783C8 /* Resources */,
			);
			buildRules = (
			);
			dependencies = (
				353D13AD242B012F00D783C8 /* PBXTargetDependency */,
			);
			name = "Foster-companionUITests";
			productName = "Foster-companionUITests";
			productReference = 353D13AB242B012F00D783C8 /* Foster-companionUITests.xctest */;
			productType = "com.apple.product-type.bundle.ui-testing";
		};
/* End PBXNativeTarget section */

/* Begin PBXProject section */
		353D1382242B012D00D783C8 /* Project object */ = {
			isa = PBXProject;
			attributes = {
				LastSwiftUpdateCheck = 1140;
				LastUpgradeCheck = 1140;
				ORGANIZATIONNAME = Doraemon;
				TargetAttributes = {
					353D1389242B012D00D783C8 = {
						CreatedOnToolsVersion = 11.4;
					};
					353D139F242B012F00D783C8 = {
						CreatedOnToolsVersion = 11.4;
						TestTargetID = 353D1389242B012D00D783C8;
					};
					353D13AA242B012F00D783C8 = {
						CreatedOnToolsVersion = 11.4;
						TestTargetID = 353D1389242B012D00D783C8;
					};
				};
			};
			buildConfigurationList = 353D1385242B012D00D783C8 /* Build configuration list for PBXProject "Foster-companion" */;
			compatibilityVersion = "Xcode 9.3";
			developmentRegion = en;
			hasScannedForEncodings = 0;
			knownRegions = (
				en,
				Base,
			);
			mainGroup = 353D1381242B012D00D783C8;
			productRefGroup = 353D138B242B012D00D783C8 /* Products */;
			projectDirPath = "";
			projectRoot = "";
			targets = (
				353D1389242B012D00D783C8 /* Foster-companion */,
				353D139F242B012F00D783C8 /* Foster-companionTests */,
				353D13AA242B012F00D783C8 /* Foster-companionUITests */,
			);
		};
/* End PBXProject section */

/* Begin PBXResourcesBuildPhase section */
		353D1388242B012D00D783C8 /* Resources */ = {
			isa = PBXResourcesBuildPhase;
			buildActionMask = 2147483647;
			files = (
				353D139A242B012F00D783C8 /* LaunchScreen.storyboard in Resources */,
				353D1397242B012F00D783C8 /* Assets.xcassets in Resources */,
				353D1395242B012D00D783C8 /* Main.storyboard in Resources */,
			);
			runOnlyForDeploymentPostprocessing = 0;
		};
		353D139E242B012F00D783C8 /* Resources */ = {
			isa = PBXResourcesBuildPhase;
			buildActionMask = 2147483647;
			files = (
			);
			runOnlyForDeploymentPostprocessing = 0;
		};
		353D13A9242B012F00D783C8 /* Resources */ = {
			isa = PBXResourcesBuildPhase;
			buildActionMask = 2147483647;
			files = (
			);
			runOnlyForDeploymentPostprocessing = 0;
		};
/* End PBXResourcesBuildPhase section */

/* Begin PBXSourcesBuildPhase section */
		353D1386242B012D00D783C8 /* Sources */ = {
			isa = PBXSourcesBuildPhase;
			buildActionMask = 2147483647;
			files = (
				353D1392242B012D00D783C8 /* ViewController.swift in Sources */,
				353D138E242B012D00D783C8 /* AppDelegate.swift in Sources */,
				353D1390242B012D00D783C8 /* SceneDelegate.swift in Sources */,
			);
			runOnlyForDeploymentPostprocessing = 0;
		};
		353D139C242B012F00D783C8 /* Sources */ = {
			isa = PBXSourcesBuildPhase;
			buildActionMask = 2147483647;
			files = (
				353D13A5242B012F00D783C8 /* Foster_companionTests.swift in Sources */,
			);
			runOnlyForDeploymentPostprocessing = 0;
		};
		353D13A7242B012F00D783C8 /* Sources */ = {
			isa = PBXSourcesBuildPhase;
			buildActionMask = 2147483647;
			files = (
				353D13B0242B012F00D783C8 /* Foster_companionUITests.swift in Sources */,
			);
			runOnlyForDeploymentPostprocessing = 0;
		};
/* End PBXSourcesBuildPhase section */

/* Begin PBXTargetDependency section */
		353D13A2242B012F00D783C8 /* PBXTargetDependency */ = {
			isa = PBXTargetDependency;
			target = 353D1389242B012D00D783C8 /* Foster-companion */;
			targetProxy = 353D13A1242B012F00D783C8 /* PBXContainerItemProxy */;
		};
		353D13AD242B012F00D783C8 /* PBXTargetDependency */ = {
			isa = PBXTargetDependency;
			target = 353D1389242B012D00D783C8 /* Foster-companion */;
			targetProxy = 353D13AC242B012F00D783C8 /* PBXContainerItemProxy */;
		};
/* End PBXTargetDependency section */

/* Begin PBXVariantGroup section */
		353D1393242B012D00D783C8 /* Main.storyboard */ = {
			isa = PBXVariantGroup;
			children = (
				353D1394242B012D00D783C8 /* Base */,
			);
			name = Main.storyboard;
			sourceTree = "<group>";
		};
		353D1398242B012F00D783C8 /* LaunchScreen.storyboard */ = {
			isa = PBXVariantGroup;
			children = (
				353D1399242B012F00D783C8 /* Base */,
			);
			name = LaunchScreen.storyboard;
			sourceTree = "<group>";
		};
/* End PBXVariantGroup section */

/* Begin XCBuildConfiguration section */
		353D13B2242B012F00D783C8 /* Debug */ = {
			isa = XCBuildConfiguration;
			buildSettings = {
				ALWAYS_SEARCH_USER_PATHS = NO;
				CLANG_ANALYZER_NONNULL = YES;
				CLANG_ANALYZER_NUMBER_OBJECT_CONVERSION = YES_AGGRESSIVE;
				CLANG_CXX_LANGUAGE_STANDARD = "gnu++14";
				CLANG_CXX_LIBRARY = "libc++";
				CLANG_ENABLE_MODULES = YES;
				CLANG_ENABLE_OBJC_ARC = YES;
				CLANG_ENABLE_OBJC_WEAK = YES;
				CLANG_WARN_BLOCK_CAPTURE_AUTORELEASING = YES;
				CLANG_WARN_BOOL_CONVERSION = YES;
				CLANG_WARN_COMMA = YES;
				CLANG_WARN_CONSTANT_CONVERSION = YES;
				CLANG_WARN_DEPRECATED_OBJC_IMPLEMENTATIONS = YES;
				CLANG_WARN_DIRECT_OBJC_ISA_USAGE = YES_ERROR;
				CLANG_WARN_DOCUMENTATION_COMMENTS = YES;
				CLANG_WARN_EMPTY_BODY = YES;
				CLANG_WARN_ENUM_CONVERSION = YES;
				CLANG_WARN_INFINITE_RECURSION = YES;
				CLANG_WARN_INT_CONVERSION = YES;
				CLANG_WARN_NON_LITERAL_NULL_CONVERSION = YES;
				CLANG_WARN_OBJC_IMPLICIT_RETAIN_SELF = YES;
				CLANG_WARN_OBJC_LITERAL_CONVERSION = YES;
				CLANG_WARN_OBJC_ROOT_CLASS = YES_ERROR;
				CLANG_WARN_RANGE_LOOP_ANALYSIS = YES;
				CLANG_WARN_STRICT_PROTOTYPES = YES;
				CLANG_WARN_SUSPICIOUS_MOVE = YES;
				CLANG_WARN_UNGUARDED_AVAILABILITY = YES_AGGRESSIVE;
				CLANG_WARN_UNREACHABLE_CODE = YES;
				CLANG_WARN__DUPLICATE_METHOD_MATCH = YES;
				COPY_PHASE_STRIP = NO;
				DEBUG_INFORMATION_FORMAT = dwarf;
				ENABLE_STRICT_OBJC_MSGSEND = YES;
				ENABLE_TESTABILITY = YES;
				GCC_C_LANGUAGE_STANDARD = gnu11;
				GCC_DYNAMIC_NO_PIC = NO;
				GCC_NO_COMMON_BLOCKS = YES;
				GCC_OPTIMIZATION_LEVEL = 0;
				GCC_PREPROCESSOR_DEFINITIONS = (
					"DEBUG=1",
					"$(inherited)",
				);
				GCC_WARN_64_TO_32_BIT_CONVERSION = YES;
				GCC_WARN_ABOUT_RETURN_TYPE = YES_ERROR;
				GCC_WARN_UNDECLARED_SELECTOR = YES;
				GCC_WARN_UNINITIALIZED_AUTOS = YES_AGGRESSIVE;
				GCC_WARN_UNUSED_FUNCTION = YES;
				GCC_WARN_UNUSED_VARIABLE = YES;
				IPHONEOS_DEPLOYMENT_TARGET = 13.4;
				MTL_ENABLE_DEBUG_INFO = INCLUDE_SOURCE;
				MTL_FAST_MATH = YES;
				ONLY_ACTIVE_ARCH = YES;
				SDKROOT = iphoneos;
				SWIFT_ACTIVE_COMPILATION_CONDITIONS = DEBUG;
				SWIFT_OPTIMIZATION_LEVEL = "-Onone";
			};
			name = Debug;
		};
		353D13B3242B012F00D783C8 /* Release */ = {
			isa = XCBuildConfiguration;
			buildSettings = {
				ALWAYS_SEARCH_USER_PATHS = NO;
				CLANG_ANALYZER_NONNULL = YES;
				CLANG_ANALYZER_NUMBER_OBJECT_CONVERSION = YES_AGGRESSIVE;
				CLANG_CXX_LANGUAGE_STANDARD = "gnu++14";
				CLANG_CXX_LIBRARY = "libc++";
				CLANG_ENABLE_MODULES = YES;
				CLANG_ENABLE_OBJC_ARC = YES;
				CLANG_ENABLE_OBJC_WEAK = YES;
				CLANG_WARN_BLOCK_CAPTURE_AUTORELEASING = YES;
				CLANG_WARN_BOOL_CONVERSION = YES;
				CLANG_WARN_COMMA = YES;
				CLANG_WARN_CONSTANT_CONVERSION = YES;
				CLANG_WARN_DEPRECATED_OBJC_IMPLEMENTATIONS = YES;
				CLANG_WARN_DIRECT_OBJC_ISA_USAGE = YES_ERROR;
				CLANG_WARN_DOCUMENTATION_COMMENTS = YES;
				CLANG_WARN_EMPTY_BODY = YES;
				CLANG_WARN_ENUM_CONVERSION = YES;
				CLANG_WARN_INFINITE_RECURSION = YES;
				CLANG_WARN_INT_CONVERSION = YES;
				CLANG_WARN_NON_LITERAL_NULL_CONVERSION = YES;
				CLANG_WARN_OBJC_IMPLICIT_RETAIN_SELF = YES;
				CLANG_WARN_OBJC_LITERAL_CONVERSION = YES;
				CLANG_WARN_OBJC_ROOT_CLASS = YES_ERROR;
				CLANG_WARN_RANGE_LOOP_ANALYSIS = YES;
				CLANG_WARN_STRICT_PROTOTYPES = YES;
				CLANG_WARN_SUSPICIOUS_MOVE = YES;
				CLANG_WARN_UNGUARDED_AVAILABILITY = YES_AGGRESSIVE;
				CLANG_WARN_UNREACHABLE_CODE = YES;
				CLANG_WARN__DUPLICATE_METHOD_MATCH = YES;
				COPY_PHASE_STRIP = NO;
				DEBUG_INFORMATION_FORMAT = "dwarf-with-dsym";
				ENABLE_NS_ASSERTIONS = NO;
				ENABLE_STRICT_OBJC_MSGSEND = YES;
				GCC_C_LANGUAGE_STANDARD = gnu11;
				GCC_NO_COMMON_BLOCKS = YES;
				GCC_WARN_64_TO_32_BIT_CONVERSION = YES;
				GCC_WARN_ABOUT_RETURN_TYPE = YES_ERROR;
				GCC_WARN_UNDECLARED_SELECTOR = YES;
				GCC_WARN_UNINITIALIZED_AUTOS = YES_AGGRESSIVE;
				GCC_WARN_UNUSED_FUNCTION = YES;
				GCC_WARN_UNUSED_VARIABLE = YES;
				IPHONEOS_DEPLOYMENT_TARGET = 13.4;
				MTL_ENABLE_DEBUG_INFO = NO;
				MTL_FAST_MATH = YES;
				SDKROOT = iphoneos;
				SWIFT_COMPILATION_MODE = wholemodule;
				SWIFT_OPTIMIZATION_LEVEL = "-O";
				VALIDATE_PRODUCT = YES;
			};
			name = Release;
		};
		353D13B5242B012F00D783C8 /* Debug */ = {
			isa = XCBuildConfiguration;
			buildSettings = {
				ASSETCATALOG_COMPILER_APPICON_NAME = AppIcon;
				CODE_SIGN_STYLE = Automatic;
				DEVELOPMENT_TEAM = D2S476E3JN;
				INFOPLIST_FILE = "Foster-companion/Info.plist";
				LD_RUNPATH_SEARCH_PATHS = (
					"$(inherited)",
					"@executable_path/Frameworks",
				);
				PRODUCT_BUNDLE_IDENTIFIER = "com.doraemon.Foster-companion";
				PRODUCT_NAME = "$(TARGET_NAME)";
				SWIFT_VERSION = 5.0;
				TARGETED_DEVICE_FAMILY = "1,2";
			};
			name = Debug;
		};
		353D13B6242B012F00D783C8 /* Release */ = {
			isa = XCBuildConfiguration;
			buildSettings = {
				ASSETCATALOG_COMPILER_APPICON_NAME = AppIcon;
				CODE_SIGN_STYLE = Automatic;
				DEVELOPMENT_TEAM = D2S476E3JN;
				INFOPLIST_FILE = "Foster-companion/Info.plist";
				LD_RUNPATH_SEARCH_PATHS = (
					"$(inherited)",
					"@executable_path/Frameworks",
				);
				PRODUCT_BUNDLE_IDENTIFIER = "com.doraemon.Foster-companion";
				PRODUCT_NAME = "$(TARGET_NAME)";
				SWIFT_VERSION = 5.0;
				TARGETED_DEVICE_FAMILY = "1,2";
			};
			name = Release;
		};
		353D13B8242B012F00D783C8 /* Debug */ = {
			isa = XCBuildConfiguration;
			buildSettings = {
				ALWAYS_EMBED_SWIFT_STANDARD_LIBRARIES = YES;
				BUNDLE_LOADER = "$(TEST_HOST)";
				CODE_SIGN_STYLE = Automatic;
				DEVELOPMENT_TEAM = D2S476E3JN;
				INFOPLIST_FILE = "Foster-companionTests/Info.plist";
				IPHONEOS_DEPLOYMENT_TARGET = 13.4;
				LD_RUNPATH_SEARCH_PATHS = (
					"$(inherited)",
					"@executable_path/Frameworks",
					"@loader_path/Frameworks",
				);
				PRODUCT_BUNDLE_IDENTIFIER = "com.doraemon.Foster-companionTests";
				PRODUCT_NAME = "$(TARGET_NAME)";
				SWIFT_VERSION = 5.0;
				TARGETED_DEVICE_FAMILY = "1,2";
				TEST_HOST = "$(BUILT_PRODUCTS_DIR)/Foster-companion.app/Foster-companion";
			};
			name = Debug;
		};
		353D13B9242B012F00D783C8 /* Release */ = {
			isa = XCBuildConfiguration;
			buildSettings = {
				ALWAYS_EMBED_SWIFT_STANDARD_LIBRARIES = YES;
				BUNDLE_LOADER = "$(TEST_HOST)";
				CODE_SIGN_STYLE = Automatic;
				DEVELOPMENT_TEAM = D2S476E3JN;
				INFOPLIST_FILE = "Foster-companionTests/Info.plist";
				IPHONEOS_DEPLOYMENT_TARGET = 13.4;
				LD_RUNPATH_SEARCH_PATHS = (
					"$(inherited)",
					"@executable_path/Frameworks",
					"@loader_path/Frameworks",
				);
				PRODUCT_BUNDLE_IDENTIFIER = "com.doraemon.Foster-companionTests";
				PRODUCT_NAME = "$(TARGET_NAME)";
				SWIFT_VERSION = 5.0;
				TARGETED_DEVICE_FAMILY = "1,2";
				TEST_HOST = "$(BUILT_PRODUCTS_DIR)/Foster-companion.app/Foster-companion";
			};
			name = Release;
		};
		353D13BB242B012F00D783C8 /* Debug */ = {
			isa = XCBuildConfiguration;
			buildSettings = {
				ALWAYS_EMBED_SWIFT_STANDARD_LIBRARIES = YES;
				CODE_SIGN_STYLE = Automatic;
				DEVELOPMENT_TEAM = D2S476E3JN;
				INFOPLIST_FILE = "Foster-companionUITests/Info.plist";
				LD_RUNPATH_SEARCH_PATHS = (
					"$(inherited)",
					"@executable_path/Frameworks",
					"@loader_path/Frameworks",
				);
				PRODUCT_BUNDLE_IDENTIFIER = "com.doraemon.Foster-companionUITests";
				PRODUCT_NAME = "$(TARGET_NAME)";
				SWIFT_VERSION = 5.0;
				TARGETED_DEVICE_FAMILY = "1,2";
				TEST_TARGET_NAME = "Foster-companion";
			};
			name = Debug;
		};
		353D13BC242B012F00D783C8 /* Release */ = {
			isa = XCBuildConfiguration;
			buildSettings = {
				ALWAYS_EMBED_SWIFT_STANDARD_LIBRARIES = YES;
				CODE_SIGN_STYLE = Automatic;
				DEVELOPMENT_TEAM = D2S476E3JN;
				INFOPLIST_FILE = "Foster-companionUITests/Info.plist";
				LD_RUNPATH_SEARCH_PATHS = (
					"$(inherited)",
					"@executable_path/Frameworks",
					"@loader_path/Frameworks",
				);
				PRODUCT_BUNDLE_IDENTIFIER = "com.doraemon.Foster-companionUITests";
				PRODUCT_NAME = "$(TARGET_NAME)";
				SWIFT_VERSION = 5.0;
				TARGETED_DEVICE_FAMILY = "1,2";
				TEST_TARGET_NAME = "Foster-companion";
			};
			name = Release;
		};
/* End XCBuildConfiguration section */

/* Begin XCConfigurationList section */
		353D1385242B012D00D783C8 /* Build configuration list for PBXProject "Foster-companion" */ = {
			isa = XCConfigurationList;
			buildConfigurations = (
				353D13B2242B012F00D783C8 /* Debug */,
				353D13B3242B012F00D783C8 /* Release */,
			);
			defaultConfigurationIsVisible = 0;
			defaultConfigurationName = Release;
		};
		353D13B4242B012F00D783C8 /* Build configuration list for PBXNativeTarget "Foster-companion" */ = {
			isa = XCConfigurationList;
			buildConfigurations = (
				353D13B5242B012F00D783C8 /* Debug */,
				353D13B6242B012F00D783C8 /* Release */,
			);
			defaultConfigurationIsVisible = 0;
			defaultConfigurationName = Release;
		};
		353D13B7242B012F00D783C8 /* Build configuration list for PBXNativeTarget "Foster-companionTests" */ = {
			isa = XCConfigurationList;
			buildConfigurations = (
				353D13B8242B012F00D783C8 /* Debug */,
				353D13B9242B012F00D783C8 /* Release */,
			);
			defaultConfigurationIsVisible = 0;
			defaultConfigurationName = Release;
		};
		353D13BA242B012F00D783C8 /* Build configuration list for PBXNativeTarget "Foster-companionUITests" */ = {
			isa = XCConfigurationList;
			buildConfigurations = (
				353D13BB242B012F00D783C8 /* Debug */,
				353D13BC242B012F00D783C8 /* Release */,
			);
			defaultConfigurationIsVisible = 0;
			defaultConfigurationName = Release;
		};
/* End XCConfigurationList section */
	};
	rootObject = 353D1382242B012D00D783C8 /* Project object */;
}
